
Microsoft Visual Studio Solution File, Format Version 12.00
# Visual Studio Version 17
VisualStudioVersion = 17.14.36804.6 d17.14
MinimumVisualStudioVersion = 10.0.40219.1
Project("{FAE04EC0-301F-11D3-BF4B-00C04F79EFBC}") = "BlackStone.Web", "BlackStone.Web\BlackStone.Web.csproj", "{EF9E0A86-4883-4F46-B684-8249868F467E}"
EndProject
Global
	GlobalSection(SolutionConfigurationPlatforms) = preSolution
		Debug|Any CPU = Debug|Any CPU
		Release|Any CPU = Release|Any CPU
	EndGlobalSection
	GlobalSection(ProjectConfigurationPlatforms) = postSolution
		{EF9E0A86-4883-4F46-B684-8249868F467E}.Debug|Any CPU.ActiveCfg = Debug|Any CPU
		{EF9E0A86-4883-4F46-B684-8249868F467E}.Debug|Any CPU.Build.0 = Debug|Any CPU
		{EF9E0A86-4883-4F46-B684-8249868F467E}.Release|Any CPU.ActiveCfg = Release|Any CPU
		{EF9E0A86-4883-4F46-B684-8249868F467E}.Release|Any CPU.Build.0 = Release|Any CPU
	EndGlobalSection
	GlobalSection(SolutionProperties) = preSolution
		HideSolutionNode = FALSE
	EndGlobalSection
	GlobalSection(ExtensibilityGlobals) = postSolution
		SolutionGuid = {E7EEC0AD-5DE9-471C-B2F9-7F58894F5367}
	EndGlobalSection
EndGlobal
